// !$*UTF8*$!
{
	archiveVersion = 1;
	classes = {
	};
	objectVersion = 50;
	objects = {

/* Begin PBXBuildFile section */
		68058F3B25E96B6F000FFD72 /* AppDelegate.swift in Sources */ = {isa = PBXBuildFile; fileRef = 68058F3A25E96B6F000FFD72 /* AppDelegate.swift */; };
		68058F3D25E96B6F000FFD72 /* SceneDelegate.swift in Sources */ = {isa = PBXBuildFile; fileRef = 68058F3C25E96B6F000FFD72 /* SceneDelegate.swift */; };
		68058F3F25E96B6F000FFD72 /* ContentView.swift in Sources */ = {isa = PBXBuildFile; fileRef = 68058F3E25E96B6F000FFD72 /* ContentView.swift */; };
		68058F4125E96B6F000FFD72 /* Assets.xcassets in Resources */ = {isa = PBXBuildFile; fileRef = 68058F4025E96B6F000FFD72 /* Assets.xcassets */; };
		68058F4425E96B6F000FFD72 /* Preview Assets.xcassets in Resources */ = {isa = PBXBuildFile; fileRef = 68058F4325E96B6F000FFD72 /* Preview Assets.xcassets */; };
		68058F4725E96B6F000FFD72 /* LaunchScreen.storyboard in Resources */ = {isa = PBXBuildFile; fileRef = 68058F4525E96B6F000FFD72 /* LaunchScreen.storyboard */; };
		685340BD25EE501500FDB64D /* MenuView.swift in Sources */ = {isa = PBXBuildFile; fileRef = 685340BC25EE501500FDB64D /* MenuView.swift */; };
		685340C025EE6BD000FDB64D /* Home.swift in Sources */ = {isa = PBXBuildFile; fileRef = 685340BF25EE6BD000FDB64D /* Home.swift */; };
		685340C325EFD70E00FDB64D /* HomeView.swift in Sources */ = {isa = PBXBuildFile; fileRef = 685340C225EFD70E00FDB64D /* HomeView.swift */; };
		68BE812E25F7B976006AB5A1 /* RingView.swift in Sources */ = {isa = PBXBuildFile; fileRef = 68BE812D25F7B976006AB5A1 /* RingView.swift */; };
/* End PBXBuildFile section */

/* Begin PBXFileReference section */
		68058F3725E96B6F000FFD72 /* Lesson32.app */ = {isa = PBXFileReference; explicitFileType = wrapper.application; includeInIndex = 0; path = Lesson32.app; sourceTree = BUILT_PRODUCTS_DIR; };
		68058F3A25E96B6F000FFD72 /* AppDelegate.swift */ = {isa = PBXFileReference; lastKnownFileType = sourcecode.swift; path = AppDelegate.swift; sourceTree = "<group>"; };
		68058F3C25E96B6F000FFD72 /* SceneDelegate.swift */ = {isa = PBXFileReference; lastKnownFileType = sourcecode.swift; path = SceneDelegate.swift; sourceTree = "<group>"; };
		68058F3E25E96B6F000FFD72 /* ContentView.swift */ = {isa = PBXFileReference; lastKnownFileType = sourcecode.swift; path = ContentView.swift; sourceTree = "<group>"; };
		68058F4025E96B6F000FFD72 /* Assets.xcassets */ = {isa = PBXFileReference; lastKnownFileType = folder.assetcatalog; path = Assets.xcassets; sourceTree = "<group>"; };
		68058F4325E96B6F000FFD72 /* Preview Assets.xcassets */ = {isa = PBXFileReference; lastKnownFileType = folder.assetcatalog; path = "Preview Assets.xcassets"; sourceTree = "<group>"; };
		68058F4625E96B6F000FFD72 /* Base */ = {isa = PBXFileReference; lastKnownFileType = file.storyboard; name = Base; path = Base.lproj/LaunchScreen.storyboard; sourceTree = "<group>"; };
		68058F4825E96B6F000FFD72 /* Info.plist */ = {isa = PBXFileReference; lastKnownFileType = text.plist.xml; path = Info.plist; sourceTree = "<group>"; };
		685340BC25EE501500FDB64D /* MenuView.swift */ = {isa = PBXFileReference; lastKnownFileType = sourcecode.swift; path = MenuView.swift; sourceTree = "<group>"; };
		685340BF25EE6BD000FDB64D /* Home.swift */ = {isa = PBXFileReference; lastKnownFileType = sourcecode.swift; path = Home.swift; sourceTree = "<group>"; };
		685340C225EFD70E00FDB64D /* HomeView.swift */ = {isa = PBXFileReference; lastKnownFileType = sourcecode.swift; path = HomeView.swift; sourceTree = "<group>"; };
		68BE812D25F7B976006AB5A1 /* RingView.swift */ = {isa = PBXFileReference; lastKnownFileType = sourcecode.swift; path = RingView.swift; sourceTree = "<group>"; };
/* End PBXFileReference section */

/* Begin PBXFrameworksBuildPhase section */
		68058F3425E96B6F000FFD72 /* Frameworks */ = {
			isa = PBXFrameworksBuildPhase;
			buildActionMask = 2147483647;
			files = (
			);
			runOnlyForDeploymentPostprocessing = 0;
		};
/* End PBXFrameworksBuildPhase section */

/* Begin PBXGroup section */
		68058F2E25E96B6E000FFD72 = {
			isa = PBXGroup;
			children = (
				68058F3925E96B6F000FFD72 /* Lesson32 */,
				68058F3825E96B6F000FFD72 /* Products */,
			);
			sourceTree = "<group>";
		};
		68058F3825E96B6F000FFD72 /* Products */ = {
			isa = PBXGroup;
			children = (
				68058F3725E96B6F000FFD72 /* Lesson32.app */,
			);
			name = Products;
			sourceTree = "<group>";
		};
		68058F3925E96B6F000FFD72 /* Lesson32 */ = {
			isa = PBXGroup;
			children = (
				68058F3A25E96B6F000FFD72 /* AppDelegate.swift */,
				68058F3C25E96B6F000FFD72 /* SceneDelegate.swift */,
				68058F3E25E96B6F000FFD72 /* ContentView.swift */,
				685340BC25EE501500FDB64D /* MenuView.swift */,
				685340BF25EE6BD000FDB64D /* Home.swift */,
				68BE812D25F7B976006AB5A1 /* RingView.swift */,
				685340C225EFD70E00FDB64D /* HomeView.swift */,
				68058F4025E96B6F000FFD72 /* Assets.xcassets */,
				68058F4525E96B6F000FFD72 /* LaunchScreen.storyboard */,
				68058F4825E96B6F000FFD72 /* Info.plist */,
				68058F4225E96B6F000FFD72 /* Preview Content */,
			);
			path = Lesson32;
			sourceTree = "<group>";
		};
		68058F4225E96B6F000FFD72 /* Preview Content */ = {
			isa = PBXGroup;
			children = (
				68058F4325E96B6F000FFD72 /* Preview Assets.xcassets */,
			);
			path = "Preview Content";
			sourceTree = "<group>";
		};
/* End PBXGroup section */

/* Begin PBXNativeTarget section */
		68058F3625E96B6F000FFD72 /* Lesson32 */ = {
			isa = PBXNativeTarget;
			buildConfigurationList = 68058F4B25E96B6F000FFD72 /* Build configuration list for PBXNativeTarget "Lesson32" */;
			buildPhases = (
				68058F3325E96B6F000FFD72 /* Sources */,
				68058F3425E96B6F000FFD72 /* Frameworks */,
				68058F3525E96B6F000FFD72 /* Resources */,
			);
			buildRules = (
			);
			dependencies = (
			);
			name = Lesson32;
			productName = Lesson32;
			productReference = 68058F3725E96B6F000FFD72 /* Lesson32.app */;
			productType = "com.apple.product-type.application";
		};
/* End PBXNativeTarget section */

/* Begin PBXProject section */
		68058F2F25E96B6E000FFD72 /* Project object */ = {
			isa = PBXProject;
			attributes = {
				LastSwiftUpdateCheck = 1240;
				LastUpgradeCheck = 1240;
				TargetAttributes = {
					68058F3625E96B6F000FFD72 = {
						CreatedOnToolsVersion = 12.4;
					};
				};
			};
			buildConfigurationList = 68058F3225E96B6E000FFD72 /* Build configuration list for PBXProject "Lesson32" */;
			compatibilityVersion = "Xcode 9.3";
			developmentRegion = en;
			hasScannedForEncodings = 0;
			knownRegions = (
				en,
				Base,
			);
			mainGroup = 68058F2E25E96B6E000FFD72;
			productRefGroup = 68058F3825E96B6F000FFD72 /* Products */;
			projectDirPath = "";
			projectRoot = "";
			targets = (
				68058F3625E96B6F000FFD72 /* Lesson32 */,
			);
		};
/* End PBXProject section */

/* Begin PBXResourcesBuildPhase section */
		68058F3525E96B6F000FFD72 /* Resources */ = {
			isa = PBXResourcesBuildPhase;
			buildActionMask = 2147483647;
			files = (
				68058F4725E96B6F000FFD72 /* LaunchScreen.storyboard in Resources */,
				68058F4425E96B6F000FFD72 /* Preview Assets.xcassets in Resources */,
				68058F4125E96B6F000FFD72 /* Assets.xcassets in Resources */,
			);
			runOnlyForDeploymentPostprocessing = 0;
		};
/* End PBXResourcesBuildPhase section */

/* Begin PBXSourcesBuildPhase section */
		68058F3325E96B6F000FFD72 /* Sources */ = {
			isa = PBXSourcesBuildPhase;
			buildActionMask = 2147483647;
			files = (
				68058F3B25E96B6F000FFD72 /* AppDelegate.swift in Sources */,
				685340BD25EE501500FDB64D /* MenuView.swift in Sources */,
				685340C025EE6BD000FDB64D /* Home.swift in Sources */,
				685340C325EFD70E00FDB64D /* HomeView.swift in Sources */,
				68BE812E25F7B976006AB5A1 /* RingView.swift in Sources */,
				68058F3D25E96B6F000FFD72 /* SceneDelegate.swift in Sources */,
				68058F3F25E96B6F000FFD72 /* ContentView.swift in Sources */,
			);
			runOnlyForDeploymentPostprocessing = 0;
		};
/* End PBXSourcesBuildPhase section */

/* Begin PBXVariantGroup section */
		68058F4525E96B6F000FFD72 /* LaunchScreen.storyboard */ = {
			isa = PBXVariantGroup;
			children = (
				68058F4625E96B6F000FFD72 /* Base */,
			);
			name = LaunchScreen.storyboard;
			sourceTree = "<group>";
		};
/* End PBXVariantGroup section */

/* Begin XCBuildConfiguration section */
		68058F4925E96B6F000FFD72 /* Debug */ = {
			isa = XCBuildConfiguration;
			buildSettings = {
				ALWAYS_SEARCH_USER_PATHS = NO;
				CLANG_ANALYZER_NONNULL = YES;
				CLANG_ANALYZER_NUMBER_OBJECT_CONVERSION = YES_AGGRESSIVE;
				CLANG_CXX_LANGUAGE_STANDARD = "gnu++14";
				CLANG_CXX_LIBRARY = "libc++";
				CLANG_ENABLE_MODULES = YES;
				CLANG_ENABLE_OBJC_ARC = YES;
				CLANG_ENABLE_OBJC_WEAK = YES;
				CLANG_WARN_BLOCK_CAPTURE_AUTORELEASING = YES;
				CLANG_WARN_BOOL_CONVERSION = YES;
				CLANG_WARN_COMMA = YES;
				CLANG_WARN_CONSTANT_CONVERSION = YES;
				CLANG_WARN_DEPRECATED_OBJC_IMPLEMENTATIONS = YES;
				CLANG_WARN_DIRECT_OBJC_ISA_USAGE = YES_ERROR;
				CLANG_WARN_DOCUMENTATION_COMMENTS = YES;
				CLANG_WARN_EMPTY_BODY = YES;
				CLANG_WARN_ENUM_CONVERSION = YES;
				CLANG_WARN_INFINITE_RECURSION = YES;
				CLANG_WARN_INT_CONVERSION = YES;
				CLANG_WARN_NON_LITERAL_NULL_CONVERSION = YES;
				CLANG_WARN_OBJC_IMPLICIT_RETAIN_SELF = YES;
				CLANG_WARN_OBJC_LITERAL_CONVERSION = YES;
				CLANG_WARN_OBJC_ROOT_CLASS = YES_ERROR;
				CLANG_WARN_QUOTED_INCLUDE_IN_FRAMEWORK_HEADER = YES;
				CLANG_WARN_RANGE_LOOP_ANALYSIS = YES;
				CLANG_WARN_STRICT_PROTOTYPES = YES;
				CLANG_WARN_SUSPICIOUS_MOVE = YES;
				CLANG_WARN_UNGUARDED_AVAILABILITY = YES_AGGRESSIVE;
				CLANG_WARN_UNREACHABLE_CODE = YES;
				CLANG_WARN__DUPLICATE_METHOD_MATCH = YES;
				COPY_PHASE_STRIP = NO;
				DEBUG_INFORMATION_FORMAT = dwarf;
				ENABLE_STRICT_OBJC_MSGSEND = YES;
				ENABLE_TESTABILITY = YES;
				GCC_C_LANGUAGE_STANDARD = gnu11;
				GCC_DYNAMIC_NO_PIC = NO;
				GCC_NO_COMMON_BLOCKS = YES;
				GCC_OPTIMIZATION_LEVEL = 0;
				GCC_PREPROCESSOR_DEFINITIONS = (
					"DEBUG=1",
					"$(inherited)",
				);
				GCC_WARN_64_TO_32_BIT_CONVERSION = YES;
				GCC_WARN_ABOUT_RETURN_TYPE = YES_ERROR;
				GCC_WARN_UNDECLARED_SELECTOR = YES;
				GCC_WARN_UNINITIALIZED_AUTOS = YES_AGGRESSIVE;
				GCC_WARN_UNUSED_FUNCTION = YES;
				GCC_WARN_UNUSED_VARIABLE = YES;
				IPHONEOS_DEPLOYMENT_TARGET = 14.4;
				MTL_ENABLE_DEBUG_INFO = INCLUDE_SOURCE;
				MTL_FAST_MATH = YES;
				ONLY_ACTIVE_ARCH = YES;
				SDKROOT = iphoneos;
				SWIFT_ACTIVE_COMPILATION_CONDITIONS = DEBUG;
				SWIFT_OPTIMIZATION_LEVEL = "-Onone";
			};
			name = Debug;
		};
		68058F4A25E96B6F000FFD72 /* Release */ = {
			isa = XCBuildConfiguration;
			buildSettings = {
				ALWAYS_SEARCH_USER_PATHS = NO;
				CLANG_ANALYZER_NONNULL = YES;
				CLANG_ANALYZER_NUMBER_OBJECT_CONVERSION = YES_AGGRESSIVE;
				CLANG_CXX_LANGUAGE_STANDARD = "gnu++14";
				CLANG_CXX_LIBRARY = "libc++";
				CLANG_ENABLE_MODULES = YES;
				CLANG_ENABLE_OBJC_ARC = YES;
				CLANG_ENABLE_OBJC_WEAK = YES;
				CLANG_WARN_BLOCK_CAPTURE_AUTORELEASING = YES;
				CLANG_WARN_BOOL_CONVERSION = YES;
				CLANG_WARN_COMMA = YES;
				CLANG_WARN_CONSTANT_CONVERSION = YES;
				CLANG_WARN_DEPRECATED_OBJC_IMPLEMENTATIONS = YES;
				CLANG_WARN_DIRECT_OBJC_ISA_USAGE = YES_ERROR;
				CLANG_WARN_DOCUMENTATION_COMMENTS = YES;
				CLANG_WARN_EMPTY_BODY = YES;
				CLANG_WARN_ENUM_CONVERSION = YES;
				CLANG_WARN_INFINITE_RECURSION = YES;
				CLANG_WARN_INT_CONVERSION = YES;
				CLANG_WARN_NON_LITERAL_NULL_CONVERSION = YES;
				CLANG_WARN_OBJC_IMPLICIT_RETAIN_SELF = YES;
				CLANG_WARN_OBJC_LITERAL_CONVERSION = YES;
				CLANG_WARN_OBJC_ROOT_CLASS = YES_ERROR;
				CLANG_WARN_QUOTED_INCLUDE_IN_FRAMEWORK_HEADER = YES;
				CLANG_WARN_RANGE_LOOP_ANALYSIS = YES;
				CLANG_WARN_STRICT_PROTOTYPES = YES;
				CLANG_WARN_SUSPICIOUS_MOVE = YES;
				CLANG_WARN_UNGUARDED_AVAILABILITY = YES_AGGRESSIVE;
				CLANG_WARN_UNREACHABLE_CODE = YES;
				CLANG_WARN__DUPLICATE_METHOD_MATCH = YES;
				COPY_PHASE_STRIP = NO;
				DEBUG_INFORMATION_FORMAT = "dwarf-with-dsym";
				ENABLE_NS_ASSERTIONS = NO;
				ENABLE_STRICT_OBJC_MSGSEND = YES;
				GCC_C_LANGUAGE_STANDARD = gnu11;
				GCC_NO_COMMON_BLOCKS = YES;
				GCC_WARN_64_TO_32_BIT_CONVERSION = YES;
				GCC_WARN_ABOUT_RETURN_TYPE = YES_ERROR;
				GCC_WARN_UNDECLARED_SELECTOR = YES;
				GCC_WARN_UNINITIALIZED_AUTOS = YES_AGGRESSIVE;
				GCC_WARN_UNUSED_FUNCTION = YES;
				GCC_WARN_UNUSED_VARIABLE = YES;
				IPHONEOS_DEPLOYMENT_TARGET = 14.4;
				MTL_ENABLE_DEBUG_INFO = NO;
				MTL_FAST_MATH = YES;
				SDKROOT = iphoneos;
				SWIFT_COMPILATION_MODE = wholemodule;
				SWIFT_OPTIMIZATION_LEVEL = "-O";
				VALIDATE_PRODUCT = YES;
			};
			name = Release;
		};
		68058F4C25E96B6F000FFD72 /* Debug */ = {
			isa = XCBuildConfiguration;
			buildSettings = {
				ASSETCATALOG_COMPILER_APPICON_NAME = AppIcon;
				ASSETCATALOG_COMPILER_GLOBAL_ACCENT_COLOR_NAME = AccentColor;
				CODE_SIGN_STYLE = Automatic;
				DEVELOPMENT_ASSET_PATHS = "\"Lesson32/Preview Content\"";
				ENABLE_PREVIEWS = YES;
				INFOPLIST_FILE = Lesson32/Info.plist;
				LD_RUNPATH_SEARCH_PATHS = (
					"$(inherited)",
					"@executable_path/Frameworks",
				);
				PRODUCT_BUNDLE_IDENTIFIER = ru.SwiftBook.Lesson32;
				PRODUCT_NAME = "$(TARGET_NAME)";
				SWIFT_VERSION = 5.0;
				TARGETED_DEVICE_FAMILY = "1,2";
			};
			name = Debug;
		};
		68058F4D25E96B6F000FFD72 /* Release */ = {
			isa = XCBuildConfiguration;
			buildSettings = {
				ASSETCATALOG_COMPILER_APPICON_NAME = AppIcon;
				ASSETCATALOG_COMPILER_GLOBAL_ACCENT_COLOR_NAME = AccentColor;
				CODE_SIGN_STYLE = Automatic;
				DEVELOPMENT_ASSET_PATHS = "\"Lesson32/Preview Content\"";
				ENABLE_PREVIEWS = YES;
				INFOPLIST_FILE = Lesson32/Info.plist;
				LD_RUNPATH_SEARCH_PATHS = (
					"$(inherited)",
					"@executable_path/Frameworks",
				);
				PRODUCT_BUNDLE_IDENTIFIER = ru.SwiftBook.Lesson32;
				PRODUCT_NAME = "$(TARGET_NAME)";
				SWIFT_VERSION = 5.0;
				TARGETED_DEVICE_FAMILY = "1,2";
			};
			name = Release;
		};
/* End XCBuildConfiguration section */

/* Begin XCConfigurationList section */
		68058F3225E96B6E000FFD72 /* Build configuration list for PBXProject "Lesson32" */ = {
			isa = XCConfigurationList;
			buildConfigurations = (
				68058F4925E96B6F000FFD72 /* Debug */,
				68058F4A25E96B6F000FFD72 /* Release */,
			);
			defaultConfigurationIsVisible = 0;
			defaultConfigurationName = Release;
		};
		68058F4B25E96B6F000FFD72 /* Build configuration list for PBXNativeTarget "Lesson32" */ = {
			isa = XCConfigurationList;
			buildConfigurations = (
				68058F4C25E96B6F000FFD72 /* Debug */,
				68058F4D25E96B6F000FFD72 /* Release */,
			);
			defaultConfigurationIsVisible = 0;
			defaultConfigurationName = Release;
		};
/* End XCConfigurationList section */
	};
	rootObject = 68058F2F25E96B6E000FFD72 /* Project object */;
}
